
Microsoft Visual Studio Solution File, Format Version 12.00
# Visual Studio Version 16
VisualStudioVersion = 16.0.31005.135
MinimumVisualStudioVersion = 10.0.40219.1
Project("{9A19103F-16F7-4668-BE54-9A1E7A4F7556}") = "Park.API", "Park.API\Park.API.csproj", "{08D52217-1277-4EF6-A4D6-AE5C1FF5DA99}"
EndProject
Project("{9A19103F-16F7-4668-BE54-9A1E7A4F7556}") = "Park.Infra", "Park.Infra\Park.Infra.csproj", "{7777B574-E612-4E35-B7E2-83382A2CA27F}"
EndProject
Project("{9A19103F-16F7-4668-BE54-9A1E7A4F7556}") = "Park.Core", "Park.Core\Park.Core.csproj", "{CC2D3D60-07B6-4B83-8E9E-36526CAA1EF6}"
EndProject
Project("{FAE04EC0-301F-11D3-BF4B-00C04F79EFBC}") = "Park.Web", "Park.Web\Park.Web.csproj", "{E3D4780E-EDA1-4641-B719-8CAD2B620F91}"
EndProject
Global
	GlobalSection(SolutionConfigurationPlatforms) = preSolution
		Debug|Any CPU = Debug|Any CPU
		Release|Any CPU = Release|Any CPU
	EndGlobalSection
	GlobalSection(ProjectConfigurationPlatforms) = postSolution
		{08D52217-1277-4EF6-A4D6-AE5C1FF5DA99}.Debug|Any CPU.ActiveCfg = Debug|Any CPU
		{08D52217-1277-4EF6-A4D6-AE5C1FF5DA99}.Debug|Any CPU.Build.0 = Debug|Any CPU
		{08D52217-1277-4EF6-A4D6-AE5C1FF5DA99}.Release|Any CPU.ActiveCfg = Release|Any CPU
		{08D52217-1277-4EF6-A4D6-AE5C1FF5DA99}.Release|Any CPU.Build.0 = Release|Any CPU
		{7777B574-E612-4E35-B7E2-83382A2CA27F}.Debug|Any CPU.ActiveCfg = Debug|Any CPU
		{7777B574-E612-4E35-B7E2-83382A2CA27F}.Debug|Any CPU.Build.0 = Debug|Any CPU
		{7777B574-E612-4E35-B7E2-83382A2CA27F}.Release|Any CPU.ActiveCfg = Release|Any CPU
		{7777B574-E612-4E35-B7E2-83382A2CA27F}.Release|Any CPU.Build.0 = Release|Any CPU
		{CC2D3D60-07B6-4B83-8E9E-36526CAA1EF6}.Debug|Any CPU.ActiveCfg = Debug|Any CPU
		{CC2D3D60-07B6-4B83-8E9E-36526CAA1EF6}.Debug|Any CPU.Build.0 = Debug|Any CPU
		{CC2D3D60-07B6-4B83-8E9E-36526CAA1EF6}.Release|Any CPU.ActiveCfg = Release|Any CPU
		{CC2D3D60-07B6-4B83-8E9E-36526CAA1EF6}.Release|Any CPU.Build.0 = Release|Any CPU
		{E3D4780E-EDA1-4641-B719-8CAD2B620F91}.Debug|Any CPU.ActiveCfg = Debug|Any CPU
		{E3D4780E-EDA1-4641-B719-8CAD2B620F91}.Debug|Any CPU.Build.0 = Debug|Any CPU
		{E3D4780E-EDA1-4641-B719-8CAD2B620F91}.Release|Any CPU.ActiveCfg = Release|Any CPU
		{E3D4780E-EDA1-4641-B719-8CAD2B620F91}.Release|Any CPU.Build.0 = Release|Any CPU
	EndGlobalSection
	GlobalSection(SolutionProperties) = preSolution
		HideSolutionNode = FALSE
	EndGlobalSection
	GlobalSection(ExtensibilityGlobals) = postSolution
		SolutionGuid = {EF96CAB0-43B7-444B-824B-FB9386A7C68F}
	EndGlobalSection
EndGlobal
